
Microsoft Visual Studio Solution File, Format Version 12.00
# Visual Studio Version 17
VisualStudioVersion = 17.10.35122.118
MinimumVisualStudioVersion = 10.0.40219.1
Project("{FAE04EC0-301F-11D3-BF4B-00C04F79EFBC}") = "SistemaReservasHotel", "SistemaReservasHotel\SistemaReservasHotel.csproj", "{3385DE0F-6BC2-45AC-9017-CBAECCCBD099}"
EndProject
Project("{FAE04EC0-301F-11D3-BF4B-00C04F79EFBC}") = "ReservasLibrary", "ReservasLibrary\ReservasLibrary.csproj", "{A8859B45-4AF8-425B-960F-42AC96554CA6}"
EndProject
Project("{FAE04EC0-301F-11D3-BF4B-00C04F79EFBC}") = "FormConfirmacion", "FormConfirmacion\FormConfirmacion.csproj", "{3039FFCA-4DFB-4B81-BDE8-E1D1B249265C}"
EndProject
Global
	GlobalSection(SolutionConfigurationPlatforms) = preSolution
		Debug|Any CPU = Debug|Any CPU
		Release|Any CPU = Release|Any CPU
	EndGlobalSection
	GlobalSection(ProjectConfigurationPlatforms) = postSolution
		{3385DE0F-6BC2-45AC-9017-CBAECCCBD099}.Debug|Any CPU.ActiveCfg = Debug|Any CPU
		{3385DE0F-6BC2-45AC-9017-CBAECCCBD099}.Debug|Any CPU.Build.0 = Debug|Any CPU
		{3385DE0F-6BC2-45AC-9017-CBAECCCBD099}.Release|Any CPU.ActiveCfg = Release|Any CPU
		{3385DE0F-6BC2-45AC-9017-CBAECCCBD099}.Release|Any CPU.Build.0 = Release|Any CPU
		{A8859B45-4AF8-425B-960F-42AC96554CA6}.Debug|Any CPU.ActiveCfg = Debug|Any CPU
		{A8859B45-4AF8-425B-960F-42AC96554CA6}.Debug|Any CPU.Build.0 = Debug|Any CPU
		{A8859B45-4AF8-425B-960F-42AC96554CA6}.Release|Any CPU.ActiveCfg = Release|Any CPU
		{A8859B45-4AF8-425B-960F-42AC96554CA6}.Release|Any CPU.Build.0 = Release|Any CPU
		{3039FFCA-4DFB-4B81-BDE8-E1D1B249265C}.Debug|Any CPU.ActiveCfg = Debug|Any CPU
		{3039FFCA-4DFB-4B81-BDE8-E1D1B249265C}.Debug|Any CPU.Build.0 = Debug|Any CPU
		{3039FFCA-4DFB-4B81-BDE8-E1D1B249265C}.Release|Any CPU.ActiveCfg = Release|Any CPU
		{3039FFCA-4DFB-4B81-BDE8-E1D1B249265C}.Release|Any CPU.Build.0 = Release|Any CPU
	EndGlobalSection
	GlobalSection(SolutionProperties) = preSolution
		HideSolutionNode = FALSE
	EndGlobalSection
	GlobalSection(ExtensibilityGlobals) = postSolution
		SolutionGuid = {1A706DB2-AD1C-4C00-9B9A-AC1C2F762A72}
	EndGlobalSection
EndGlobal
